
Microsoft Visual Studio Solution File, Format Version 12.00
# Visual Studio 15
VisualStudioVersion = 15.0.28307.421
MinimumVisualStudioVersion = 10.0.40219.1
Project("{FAE04EC0-301F-11D3-BF4B-00C04F79EFBC}") = "NDPProje", "NDPProje\NDPProje.csproj", "{9083B74E-AE55-4128-8909-A030E981945B}"
EndProject
Global
	GlobalSection(SolutionConfigurationPlatforms) = preSolution
		Debug|Any CPU = Debug|Any CPU
		Release|Any CPU = Release|Any CPU
	EndGlobalSection
	GlobalSection(ProjectConfigurationPlatforms) = postSolution
		{9083B74E-AE55-4128-8909-A030E981945B}.Debug|Any CPU.ActiveCfg = Debug|Any CPU
		{9083B74E-AE55-4128-8909-A030E981945B}.Debug|Any CPU.Build.0 = Debug|Any CPU
		{9083B74E-AE55-4128-8909-A030E981945B}.Release|Any CPU.ActiveCfg = Release|Any CPU
		{9083B74E-AE55-4128-8909-A030E981945B}.Release|Any CPU.Build.0 = Release|Any CPU
	EndGlobalSection
	GlobalSection(SolutionProperties) = preSolution
		HideSolutionNode = FALSE
	EndGlobalSection
	GlobalSection(ExtensibilityGlobals) = postSolution
		SolutionGuid = {3E4E4DF0-698B-4D9A-AD02-FD0ACD2EA053}
	EndGlobalSection
EndGlobal
